version: 1
checksums:
  fdf23e1cc2ec83ec2119d6e6b991ce37:
    hello: f01e599cced8b7d7105329947b5096de
  fa34a32ee742667d36ef7288982efb9c:
    components.convexIntegrationTest.addTask.label: 94bfce6a5916c8955cea8d04ad41c10e
    components.convexIntegrationTest.addTask.placeholder: cfe9cb319a1f23515f7c2215dba202a3
    components.convexIntegrationTest.authenticated: 7aeaface3edc0f5dca2c8ebd6c7e1974
    components.convexIntegrationTest.configuredUrl: ca306d17f0a8f6bd7e0b9b2efcf23fe7
    components.convexIntegrationTest.tasksList.empty: 353f149e9225b37a2651116189d0bb78
    components.convexIntegrationTest.tasksList.title: efde951ded884b7dbf0f81e45d93a8f9
    components.convexIntegrationTest.testBackendButton.authInfo: 28db481eb12a77d89bf451f64a55c1c2
    components.convexIntegrationTest.testBackendButton.fetchTasks: 9f58d5b60b733446f4620c944400c102
    components.loadingScreen.loadingText: 82b4ea7ed1439094d7c4be13aaba9a66
    getInputThoughtsPlaceholders.0: 76bb282470ef5e533e56fab1d38226cb
    getInputThoughtsPlaceholders.1: 490d3eb59f03de4bdb84dff80f4ac591
    getInputThoughtsPlaceholders.2: 6d260c52ad13237ef4f73c2f085d6bff
    getInputThoughtsPlaceholders.3: 078f9ca0c5860ae581baa101a9110e92
    getInputThoughtsPlaceholders.4: ce516498523864e270d2ba905354ef64
    getInputThoughtsPlaceholders.5: 2d021d1fe8df6f4469ab933066cb4aec
    getInputThoughtsPlaceholders.6: a312e7c903fcb2c11c87c62ee2b6f7c9
    getInputThoughtsPlaceholders.7: 6fa711b0c72fcb620416a48f0166f432
    getInputThoughtsPlaceholders.8: 111b81a39018d30e71b7defcf639e2e6
    language: 277fd1a41cc237a437cd1d5e4a80463b
    pages.chat.aiLabel: b764382ca31f0c1570802ead170ad235
    pages.chat.loginPrompt: b04016c6bb495df222e7ab52e2061921
    pages.chat.title: 1171b63c16b3431dca319af1804de2a0
    pages.chat.userLabel: db2a4a796b70cc1430d1b21f6ffb6dcb
    pages.home.apiResponse.empty: 0ae6634426bd0372d82f5bcd0441f67e
    pages.home.apiResponse.label: be9e665e68a577f856af838006a9fe43
    pages.home.auth.signInButton: af443132de3ac7a259e74be030196343
    pages.home.auth.signOutButton: d25b033edb3bda68ed1651b163d46cf5
    pages.home.auth.status.label: 58fbc25327fff01e308134fc79cd9f59
    pages.home.auth.status.loading: 43adef6b38947e2741b1b6e0cd53335d
    pages.home.auth.status.loggedIn: 8083fdbc47baf927d6e0a190e2221e8b
    pages.home.auth.status.notLoggedIn: bb319f3116b5316a6a1452af9d4e4022
    pages.home.auth.userInfo.title: bd41c351694de310f4df7acfc4cd18a7
    pages.home.carousel.cardContent: ae26381cb32e52c9370e0fbd0afa5a6f
    pages.home.carousel.cardTitle: caf8dbd80e74baa9f9e44ce1d85b024b
    pages.home.dateDisplay.label: 7730e3d1139a831e126744cea74bad08
    pages.home.runtimeConfig.backendUrl: 3d4c5c5570a1c9603da2572e2b07f986
    pages.home.runtimeConfig.frontendUrl: 1a255752840e849b78524bb7d35f4ed5
    pages.home.section.apiInfo.title: 4c09c336b9adc9352fef063b0183687b
    pages.home.section.auth.title: 491fbb938cfe44df0438ad3e198d23e6
    pages.home.section.carousel.title: c5e00bc1a202aa5f3429541ffef0e07a
    pages.home.section.controls.title: b78956d14b87ee073e4bd7f111db8d2f
    pages.home.section.gridMaker.title: 55377e71931ef2e0e621967d55328552
    pages.home.section.sst.title: 3123abc16bac26da37c44ef5ccda2a21
    pages.home.section.tanstackQuery.description: ae42028e8f7dcbe405b9cda8aedde814
    pages.home.section.tanstackQuery.title: 6a0acb8cd38349fd65207efd93dadc9e
    pages.home.tanstackQuery.loading: 82b4ea7ed1439094d7c4be13aaba9a66
    pages.home.tanstackQuery.staleButton: 2faf7a33dd56f8a104c30ec5d5141edc
    pages.home.themeSwitcher.label: 21fe00b7a518089576fb83c08631107a
    pages.home.title: 104a3db3b671c04e167eafbe21e57881
    pages.test.convex.status.notFound: bf748ab28ff084adb68a5d24bcd95909
    pages.test.description: 2bb0336cb31d10a1bfb6164e4035207e
    pages.test.intro: 04c375b5393d5f318fd11c5c372122a9
    pages.test.section.convex.title: 39fdc104ff14fba826033e998c762a84
    pages.test.title: 82a46f197779af4dde92e7e5f9336ccf
    welcome: 3180ad6b8de344b781637750259e0f53
    chat.sidebar.newChat: 3d7b701878aca8e2dbb7c6732f7f3bee
    chat.sidebar.threads.loading: c0591fcc6aa3eb6092ab4f4ce577804c
    chat.sidebar.threads.empty: eaa3199ed3ba5dd2bb3988ea999649e3
    chat.alert.deleteThread.title: 3dea4a78f8c5c2073d8eab4aad3f2015
    chat.alert.deleteThread.description: b0cca6d07bbbd907b4d25dc2a1dbe2e3
    cancel: 2e2a849c2223911717de8caa2c71bade
    confirm: 90930b51154032f119fa75c1bd422d8b
    continue: 3cfba90b4600131e82fc4260c568d044
    pinned: 9bc428a489e05402739d2a01cfbfa7d6
    recent: 2cef23d0cf0a6cabe9b8cf749549d6c7
    chat.multiStreamConfirmDialog.title: 8cb2a1e566120ab9a2519672e4086692
    chat.multiStreamConfirmDialog.description: b4ee951677f1eca746a93a6073d035e7
    generating: 8a5d3a7701dc359fc48ee6f8a188e9c9
    chat.interface.sendToStart: 6ba07995188dc929a2de0e8f0bb4d1ea
    chat.interface.selectOrStart: 5ae94ab41d0b599f36924f5db15dd16d
    guest: 2aec6d6ebe0d9a1db0a5c8cd5a98b8c3
    loginToEnjoyMore: 047389679c35d5ff4ab81e5f65e303ec
    chat.toast.threadRemovedExternal: db7f0c7a17abd8f2fa3bdf24f0e81377
    chat.thread.pin: 8f1062e24a5a0f9fdfce1a070e8ab476
    chat.thread.unpin: 9f3e0c1a25452b171dfffee566e11d49
    chat.thread.delete: 3dea4a78f8c5c2073d8eab4aad3f2015
    chat.message.copy: 4de06ccf7d0ea910de03abfa965a61af
    chat.message.branch: 8ee786a7be37ef90ade2cd00741f8dd0
    chat.toast.threadBranched: edc2466649225081b38d4c6fe1dd27cf
    chat.thread.branchedFrom: 9235ad091f1d3b7f65a33b2e906674ad
    chat.thread.frozen: 69fa1ed78bb636c218ec3d95eae69bca
    chat.thread.freeze: b90fc4e37a58e2f60fbc9a25945b2138
    chat.thread.unfreeze: 0fcaf656c357870fb42132f7342aa23a
    tip.holdShift: 895a995e323b21fd1de51496a994103d
    chat.thread.frozenWithDescription: 5cf38e514472bed10297a7936924737f
    chat.thread.share: 3a257c0d42ffa5ed6eddfc71e46db6c0
    chat.alert.shareThread.title: e00e8208d2dd52a00a4cbccdc57199e3
    chat.alert.shareThread.description: e8eeee4bd83372c3a997a593a585f077
    chat.toast.threadShareLinkCopied: 301236632c59a15e329f433e7b4a3706
  bd59d862767f00d421bd4cacc7522c6c:
    hello-from-%2Fx: de51bbd5a66af7e24e90466431fa9006
